{
  "lockfileVersion": 3,
  "name": "zundamons-kitchen-roblox-build",
  "packages": {
    "": {
      "devDependencies": {
        "@johnnymorganz/stylua-bin": "2.5.2",
        "rojo": "1.0.3-rojo7.6.1"
      },
      "name": "zundamons-kitchen-roblox-build",
      "version": "0.2.0"
    },
    "node_modules/@johnnymorganz/stylua-bin": {
      "bin": {
        "stylua": "run.js"
      },
      "dev": true,
      "engines": {
        "node": ">=10"
      },
      "integrity": "sha512-9VXOyPCoyajvLOZMiEGigNovEYI7PaAXB065Mc2iiU/vOmAxb+GpbGpCPjLq1jIy8VNU+4Esh50EmLc0SMfziw==",
      "license": "MPL-2.0",
      "optionalDependencies": {
        "@johnnymorganz/stylua-bin-darwin-arm64": "2.5.2",
        "@johnnymorganz/stylua-bin-darwin-x64": "2.5.2",
        "@johnnymorganz/stylua-bin-linux-arm64": "2.5.2",
        "@johnnymorganz/stylua-bin-linux-x64": "2.5.2",
        "@johnnymorganz/stylua-bin-win32-x64": "2.5.2"
      },
      "resolved": "https://registry.npmjs.org/@johnnymorganz/stylua-bin/-/stylua-bin-2.5.2.tgz",
      "version": "2.5.2"
    },
    "node_modules/@johnnymorganz/stylua-bin-darwin-arm64": {
      "cpu": [
        "arm64"
      ],
      "dev": true,
      "integrity": "sha512-aoUX8+aG7x/hXSYMEkpH7YEvQ9AK/V/qY5SUBOqK4g5iBK9hjfOrFqYWRYo14BG+9QEEeKv0SY5iUviMUpyn0g==",
      "license": "MPL-2.0",
      "optional": true,
      "os": [
        "darwin"
      ],
      "resolved": "https://registry.npmjs.org/@johnnymorganz/stylua-bin-darwin-arm64/-/stylua-bin-darwin-arm64-2.5.2.tgz",
      "version": "2.5.2"
    },
    "node_modules/@johnnymorganz/stylua-bin-darwin-x64": {
      "cpu": [
        "x64"
      ],
      "dev": true,
      "integrity": "sha512-TP+TweORn5qs2NIn1ejTQ5vVDmCwch43WgCnfqIbdSx/txvlr3bVbWO5NeiEzdI2XO6gDFzFi9X6FIK1UNS7qQ==",
      "license": "MPL-2.0",
      "optional": true,
      "os": [
        "darwin"
      ],
      "resolved": "https://registry.npmjs.org/@johnnymorganz/stylua-bin-darwin-x64/-/stylua-bin-darwin-x64-2.5.2.tgz",
      "version": "2.5.2"
    },
    "node_modules/@johnnymorganz/stylua-bin-linux-arm64": {
      "cpu": [
        "arm64"
      ],
      "dev": true,
      "integrity": "sha512-zffjBoMQpzP1AnnhVrg1k/8zNrI9VTKQ/hie/baD3y5mgOHe4/YJ33uo0dZeI+uZAu5gdanmvM5fQtPxnGc6xQ==",
      "license": "MPL-2.0",
      "optional": true,
      "os": [
        "linux"
      ],
      "resolved": "https://registry.npmjs.org/@johnnymorganz/stylua-bin-linux-arm64/-/stylua-bin-linux-arm64-2.5.2.tgz",
      "version": "2.5.2"
    },
    "node_modules/@johnnymorganz/stylua-bin-linux-x64": {
      "cpu": [
        "x64"
      ],
      "dev": true,
      "integrity": "sha512-5NfzgN3lnlgmFcPCmhlyHr7y3Ro6wmPNBYzjVFLJKqJtwMPgSgKKzfT93s2rkX/QZKIlZelLtQ7eHVDmULegSg==",
      "license": "MPL-2.0",
      "optional": true,
      "os": [
        "linux"
      ],
      "resolved": "https://registry.npmjs.org/@johnnymorganz/stylua-bin-linux-x64/-/stylua-bin-linux-x64-2.5.2.tgz",
      "version": "2.5.2"
    },
    "node_modules/@johnnymorganz/stylua-bin-win32-x64": {
      "cpu": [
        "x64"
      ],
      "dev": true,
      "integrity": "sha512-wasLSN1Z9O0t6v6km/7cnBqtJe1oUX+Mgojba56hveR67i2F97bETu2GroSeCNuuCdXxUXIbZ+tf9b8CVyF1pA==",
      "license": "MPL-2.0",
      "optional": true,
      "os": [
        "win32"
      ],
      "resolved": "https://registry.npmjs.org/@johnnymorganz/stylua-bin-win32-x64/-/stylua-bin-win32-x64-2.5.2.tgz",
      "version": "2.5.2"
    },
    "node_modules/adm-zip": {
      "dev": true,
      "engines": {
        "node": ">=12.0"
      },
      "integrity": "sha512-ufJnssQGbxzLNS1Ho9bCtX4rQKCCvoVuDLHoJyc3F9dOGDB4BkWs2Ci0kv53lqocAEQ/Cbi+I2XCsNYGqVYqng==",
      "license": "MIT",
      "resolved": "https://registry.npmjs.org/adm-zip/-/adm-zip-0.5.18.tgz",
      "version": "0.5.18"
    },
    "node_modules/node-fetch": {
      "dependencies": {
        "whatwg-url": "^5.0.0"
      },
      "dev": true,
      "engines": {
        "node": "4.x || >=6.0.0"
      },
      "integrity": "sha512-c4FRfUm/dbcWZ7U+1Wq0AwCyFL+3nt2bEw05wfxSz+DWpWsitgmSgYmy2dQdWyKC1694ELPqMs/YzUSNozLt8A==",
      "license": "MIT",
      "peerDependencies": {
        "encoding": "^0.1.0"
      },
      "peerDependenciesMeta": {
        "encoding": {
          "optional": true
        }
      },
      "resolved": "https://registry.npmjs.org/node-fetch/-/node-fetch-2.7.0.tgz",
      "version": "2.7.0"
    },
    "node_modules/rojo": {
      "bin": {
        "rojo": "dist/main.js"
      },
      "dependencies": {
        "adm-zip": "^0.5.10",
        "node-fetch": "^2.6.11"
      },
      "deprecated": "This package is deprecated. Use rkkit instead.",
      "dev": true,
      "engines": {
        "node": ">=14"
      },
      "integrity": "sha512-io9DAwQdNRyMBFSpyzCU9IkyBMj4PM0IClQA9/N9iLZAmbx8yY7zuPxM7x7bBDh6QdzqO5XToQGpSuQfFPvEWQ==",
      "license": "MIT",
      "resolved": "https://registry.npmjs.org/rojo/-/rojo-1.0.3-rojo7.6.1.tgz",
      "version": "1.0.3-rojo7.6.1"
    },
    "node_modules/tr46": {
      "dev": true,
      "integrity": "sha512-N3WMsuqV66lT30CrXNbEjx4GEwlow3v6rr4mCcv6prnfwhS01rkgyFdjPNBYd9br7LpXV1+Emh01fHnq2Gdgrw==",
      "license": "MIT",
      "resolved": "https://registry.npmjs.org/tr46/-/tr46-0.0.3.tgz",
      "version": "0.0.3"
    },
    "node_modules/webidl-conversions": {
      "dev": true,
      "integrity": "sha512-2JAn3z8AR6rjK8Sm8orRC0h/bcl/DqL7tRPdGZ4I1CjdF+EaMLmYxBHyXuKL849eucPFhvBoxMsflfOb8kxaeQ==",
      "license": "BSD-2-Clause",
      "resolved": "https://registry.npmjs.org/webidl-conversions/-/webidl-conversions-3.0.1.tgz",
      "version": "3.0.1"
    },
    "node_modules/whatwg-url": {
      "dependencies": {
        "tr46": "~0.0.3",
        "webidl-conversions": "^3.0.0"
      },
      "dev": true,
      "integrity": "sha512-saE57nupxk6v3HY35+jzBwYa0rKSy0XR8JSxZPwgLr7ys0IBzhGviA1/TUGJLmSVqs8pb9AnvICXEuOHLprYTw==",
      "license": "MIT",
      "resolved": "https://registry.npmjs.org/whatwg-url/-/whatwg-url-5.0.0.tgz",
      "version": "5.0.0"
    }
  },
  "requires": true,
  "version": "0.2.0"
}
